# THIS IS AN AUTOGENERATED FILE. DO NOT EDIT THIS FILE DIRECTLY.
# yarn lockfile v1


jslsa@^1.0.4:
  version "1.0.4"
  resolved "https://registry.yarnpkg.com/jslsa/-/jslsa-1.0.4.tgz#3c3057d082492b8407c5173aede75c40257f0812"
  integrity sha512-ajOZ0UG9NNtFl837VlrG51v/1ybsNLcWztZ69hmJrNAfgztjcSFH1JQxATKSkTgnavzejSqFFociwot2nGLjIg==
